{
  "version": 4,
  "terraform_version": "0.12.18",
  "serial": 135,
  "lineage": "5254b98c-a42a-dd60-9c5f-193582cf9598",
  "outputs": {},
  "resources": [
    {
      "mode": "data",
      "type": "azurerm_virtual_network",
      "name": "mgmt",
      "provider": "provider.azurerm",
      "instances": [
        {
          "schema_version": 0,
          "attributes": {
            "address_space": [
              "192.168.100.0/24"
            ],
            "address_spaces": [
              "192.168.100.0/24"
            ],
            "dns_servers": null,
            "id": "/subscriptions/82c0718c-e8d4-4270-ac87-4ffbab62df88/resourceGroups/management/providers/Microsoft.Network/virtualNetworks/mgmt-vnet",
            "location": "westeurope",
            "name": "mgmt-vnet",
            "resource_group_name": "management",
            "subnets": [
              "Management"
            ],
            "timeouts": null,
            "vnet_peerings": {}
          }
        }
      ]
    },
    {
      "mode": "data",
      "type": "azurerm_virtual_network",
      "name": "vmss",
      "provider": "provider.azurerm",
      "instances": [
        {
          "schema_version": 0,
          "attributes": {
            "address_space": [
              "172.16.0.0/16"
            ],
            "address_spaces": [
              "172.16.0.0/16"
            ],
            "dns_servers": [],
            "id": "/subscriptions/82c0718c-e8d4-4270-ac87-4ffbab62df88/resourceGroups/checkpoint-vmss-terraform/providers/Microsoft.Network/virtualNetworks/checkpoint-vmss-vnet",
            "location": "eastus",
            "name": "checkpoint-vmss-vnet",
            "resource_group_name": "checkpoint-vmss-terraform",
            "subnets": [
              "Backend",
              "Frontend"
            ],
            "timeouts": null,
            "vnet_peerings": {
              "vmss2mgmt": "/subscriptions/82c0718c-e8d4-4270-ac87-4ffbab62df88/resourceGroups/management/providers/Microsoft.Network/virtualNetworks/mgmt-vnet"
            }
          }
        }
      ]
    },
    {
      "mode": "managed",
      "type": "azurerm_lb",
      "name": "backend-lb",
      "provider": "provider.azurerm",
      "instances": [
        {
          "schema_version": 0,
          "attributes": {
            "frontend_ip_configuration": [
              {
                "id": "/subscriptions/82c0718c-e8d4-4270-ac87-4ffbab62df88/resourceGroups/checkpoint-vmss-terraform/providers/Microsoft.Network/loadBalancers/backend-lb/frontendIPConfigurations/backend-lb",
                "inbound_nat_rules": [],
                "load_balancer_rules": [],
                "name": "backend-lb",
                "outbound_rules": [],
                "private_ip_address": "172.16.2.4",
                "private_ip_address_allocation": "Static",
                "public_ip_address_id": "",
                "public_ip_prefix_id": "",
                "subnet_id": "/subscriptions/82c0718c-e8d4-4270-ac87-4ffbab62df88/resourceGroups/checkpoint-vmss-terraform/providers/Microsoft.Network/virtualNetworks/checkpoint-vmss-vnet/subnets/Backend",
                "zones": null
              }
            ],
            "id": "/subscriptions/82c0718c-e8d4-4270-ac87-4ffbab62df88/resourceGroups/checkpoint-vmss-terraform/providers/Microsoft.Network/loadBalancers/backend-lb",
            "location": "eastus",
            "name": "backend-lb",
            "private_ip_address": "172.16.2.4",
            "private_ip_addresses": [
              "172.16.2.4"
            ],
            "resource_group_name": "checkpoint-vmss-terraform",
            "sku": "Standard",
            "tags": {}
          },
          "private": "bnVsbA==",
          "dependencies": [
            "module.common.azurerm_resource_group.resource_group",
            "module.vnet.azurerm_subnet.subnet",
            "module.vnet.azurerm_virtual_network.vnet"
          ]
        }
      ]
    },
    {
      "mode": "managed",
      "type": "azurerm_lb",
      "name": "frontend-lb",
      "provider": "provider.azurerm",
      "instances": [
        {
          "schema_version": 0,
          "attributes": {
            "frontend_ip_configuration": [
              {
                "id": "/subscriptions/82c0718c-e8d4-4270-ac87-4ffbab62df88/resourceGroups/checkpoint-vmss-terraform/providers/Microsoft.Network/loadBalancers/frontend-lb/frontendIPConfigurations/checkpoint-vmss-terraform-app-1",
                "inbound_nat_rules": [],
                "load_balancer_rules": [],
                "name": "checkpoint-vmss-terraform-app-1",
                "outbound_rules": [],
                "private_ip_address": "",
                "private_ip_address_allocation": "Dynamic",
                "public_ip_address_id": "/subscriptions/82c0718c-e8d4-4270-ac87-4ffbab62df88/resourceGroups/checkpoint-vmss-terraform/providers/Microsoft.Network/publicIPAddresses/checkpoint-vmss-terraform-app-1",
                "public_ip_prefix_id": "",
                "subnet_id": "",
                "zones": null
              }
            ],
            "id": "/subscriptions/82c0718c-e8d4-4270-ac87-4ffbab62df88/resourceGroups/checkpoint-vmss-terraform/providers/Microsoft.Network/loadBalancers/frontend-lb",
            "location": "eastus",
            "name": "frontend-lb",
            "private_ip_address": "",
            "private_ip_addresses": [],
            "resource_group_name": "checkpoint-vmss-terraform",
            "sku": "Standard",
            "tags": {}
          },
          "private": "bnVsbA==",
          "dependencies": [
            "azurerm_public_ip.public-ip-lb",
            "module.common.azurerm_resource_group.resource_group"
          ]
        }
      ]
    },
    {
      "mode": "managed",
      "type": "azurerm_lb_backend_address_pool",
      "name": "backend-lb-pool",
      "provider": "provider.azurerm",
      "instances": [
        {
          "schema_version": 0,
          "attributes": {
            "backend_ip_configurations": [],
            "id": "/subscriptions/82c0718c-e8d4-4270-ac87-4ffbab62df88/resourceGroups/checkpoint-vmss-terraform/providers/Microsoft.Network/loadBalancers/backend-lb/backendAddressPools/backend-lb-pool",
            "load_balancing_rules": [],
            "loadbalancer_id": "/subscriptions/82c0718c-e8d4-4270-ac87-4ffbab62df88/resourceGroups/checkpoint-vmss-terraform/providers/Microsoft.Network/loadBalancers/backend-lb",
            "location": null,
            "name": "backend-lb-pool",
            "resource_group_name": "checkpoint-vmss-terraform"
          },
          "private": "bnVsbA==",
          "dependencies": [
            "azurerm_lb.backend-lb",
            "module.common.azurerm_resource_group.resource_group",
            "module.vnet.azurerm_subnet.subnet",
            "module.vnet.azurerm_virtual_network.vnet"
          ]
        }
      ]
    },
    {
      "mode": "managed",
      "type": "azurerm_lb_backend_address_pool",
      "name": "frontend-lb-pool",
      "provider": "provider.azurerm",
      "instances": [
        {
          "schema_version": 0,
          "attributes": {
            "backend_ip_configurations": [],
            "id": "/subscriptions/82c0718c-e8d4-4270-ac87-4ffbab62df88/resourceGroups/checkpoint-vmss-terraform/providers/Microsoft.Network/loadBalancers/frontend-lb/backendAddressPools/checkpoint-vmss-terraform-app-1",
            "load_balancing_rules": [],
            "loadbalancer_id": "/subscriptions/82c0718c-e8d4-4270-ac87-4ffbab62df88/resourceGroups/checkpoint-vmss-terraform/providers/Microsoft.Network/loadBalancers/frontend-lb",
            "location": null,
            "name": "checkpoint-vmss-terraform-app-1",
            "resource_group_name": "checkpoint-vmss-terraform"
          },
          "private": "bnVsbA==",
          "dependencies": [
            "azurerm_lb.frontend-lb",
            "azurerm_public_ip.public-ip-lb",
            "module.common.azurerm_resource_group.resource_group"
          ]
        }
      ]
    },
    {
      "mode": "managed",
      "type": "azurerm_lb_probe",
      "name": "azure_lb_healprob",
      "each": "list",
      "provider": "provider.azurerm",
      "instances": [
        {
          "index_key": 0,
          "schema_version": 0,
          "attributes": {
            "id": "/subscriptions/82c0718c-e8d4-4270-ac87-4ffbab62df88/resourceGroups/checkpoint-vmss-terraform/providers/Microsoft.Network/loadBalancers/frontend-lb/probes/checkpoint-vmss-terraform-app-1",
            "interval_in_seconds": 5,
            "load_balancer_rules": [],
            "loadbalancer_id": "/subscriptions/82c0718c-e8d4-4270-ac87-4ffbab62df88/resourceGroups/checkpoint-vmss-terraform/providers/Microsoft.Network/loadBalancers/frontend-lb",
            "location": null,
            "name": "checkpoint-vmss-terraform-app-1",
            "number_of_probes": 2,
            "port": 8117,
            "protocol": "Tcp",
            "request_path": "",
            "resource_group_name": "checkpoint-vmss-terraform"
          },
          "private": "bnVsbA==",
          "dependencies": [
            "azurerm_lb.backend-lb",
            "azurerm_lb.frontend-lb",
            "azurerm_public_ip.public-ip-lb",
            "module.common.azurerm_resource_group.resource_group",
            "module.vnet.azurerm_subnet.subnet",
            "module.vnet.azurerm_virtual_network.vnet"
          ]
        },
        {
          "index_key": 1,
          "schema_version": 0,
          "attributes": {
            "id": "/subscriptions/82c0718c-e8d4-4270-ac87-4ffbab62df88/resourceGroups/checkpoint-vmss-terraform/providers/Microsoft.Network/loadBalancers/backend-lb/probes/backend-lb",
            "interval_in_seconds": 5,
            "load_balancer_rules": [],
            "loadbalancer_id": "/subscriptions/82c0718c-e8d4-4270-ac87-4ffbab62df88/resourceGroups/checkpoint-vmss-terraform/providers/Microsoft.Network/loadBalancers/backend-lb",
            "location": null,
            "name": "backend-lb",
            "number_of_probes": 2,
            "port": 8117,
            "protocol": "Tcp",
            "request_path": "",
            "resource_group_name": "checkpoint-vmss-terraform"
          },
          "private": "bnVsbA==",
          "dependencies": [
            "azurerm_lb.backend-lb",
            "azurerm_lb.frontend-lb",
            "azurerm_public_ip.public-ip-lb",
            "module.common.azurerm_resource_group.resource_group",
            "module.vnet.azurerm_subnet.subnet",
            "module.vnet.azurerm_virtual_network.vnet"
          ]
        }
      ]
    },
    {
      "mode": "managed",
      "type": "azurerm_lb_rule",
      "name": "lbnatrule",
      "each": "list",
      "provider": "provider.azurerm",
      "instances": [
        {
          "index_key": 0,
          "schema_version": 0,
          "attributes": {
            "backend_address_pool_id": "/subscriptions/82c0718c-e8d4-4270-ac87-4ffbab62df88/resourceGroups/checkpoint-vmss-terraform/providers/Microsoft.Network/loadBalancers/frontend-lb/backendAddressPools/checkpoint-vmss-terraform-app-1",
            "backend_port": 8081,
            "disable_outbound_snat": false,
            "enable_floating_ip": false,
            "enable_tcp_reset": false,
            "frontend_ip_configuration_id": "/subscriptions/82c0718c-e8d4-4270-ac87-4ffbab62df88/resourceGroups/checkpoint-vmss-terraform/providers/Microsoft.Network/loadBalancers/frontend-lb/frontendIPConfigurations/checkpoint-vmss-terraform-app-1",
            "frontend_ip_configuration_name": "checkpoint-vmss-terraform-app-1",
            "frontend_port": 80,
            "id": "/subscriptions/82c0718c-e8d4-4270-ac87-4ffbab62df88/resourceGroups/checkpoint-vmss-terraform/providers/Microsoft.Network/loadBalancers/frontend-lb/loadBalancingRules/checkpoint-vmss-terraform-app-1",
            "idle_timeout_in_minutes": 4,
            "load_distribution": "Default",
            "loadbalancer_id": "/subscriptions/82c0718c-e8d4-4270-ac87-4ffbab62df88/resourceGroups/checkpoint-vmss-terraform/providers/Microsoft.Network/loadBalancers/frontend-lb",
            "location": null,
            "name": "checkpoint-vmss-terraform-app-1",
            "probe_id": "/subscriptions/82c0718c-e8d4-4270-ac87-4ffbab62df88/resourceGroups/checkpoint-vmss-terraform/providers/Microsoft.Network/loadBalancers/frontend-lb/probes/checkpoint-vmss-terraform-app-1",
            "protocol": "Tcp",
            "resource_group_name": "checkpoint-vmss-terraform"
          },
          "private": "bnVsbA==",
          "dependencies": [
            "azurerm_lb.backend-lb",
            "azurerm_lb.frontend-lb",
            "azurerm_lb_backend_address_pool.backend-lb-pool",
            "azurerm_lb_backend_address_pool.frontend-lb-pool",
            "azurerm_lb_probe.azure_lb_healprob",
            "azurerm_public_ip.public-ip-lb",
            "module.common.azurerm_resource_group.resource_group",
            "module.vnet.azurerm_subnet.subnet",
            "module.vnet.azurerm_virtual_network.vnet"
          ]
        },
        {
          "index_key": 1,
          "schema_version": 0,
          "attributes": {
            "backend_address_pool_id": "/subscriptions/82c0718c-e8d4-4270-ac87-4ffbab62df88/resourceGroups/checkpoint-vmss-terraform/providers/Microsoft.Network/loadBalancers/backend-lb/backendAddressPools/backend-lb-pool",
            "backend_port": 0,
            "disable_outbound_snat": false,
            "enable_floating_ip": false,
            "enable_tcp_reset": false,
            "frontend_ip_configuration_id": "/subscriptions/82c0718c-e8d4-4270-ac87-4ffbab62df88/resourceGroups/checkpoint-vmss-terraform/providers/Microsoft.Network/loadBalancers/backend-lb/frontendIPConfigurations/backend-lb",
            "frontend_ip_configuration_name": "backend-lb",
            "frontend_port": 0,
            "id": "/subscriptions/82c0718c-e8d4-4270-ac87-4ffbab62df88/resourceGroups/checkpoint-vmss-terraform/providers/Microsoft.Network/loadBalancers/backend-lb/loadBalancingRules/backend-lb",
            "idle_timeout_in_minutes": 4,
            "load_distribution": "Default",
            "loadbalancer_id": "/subscriptions/82c0718c-e8d4-4270-ac87-4ffbab62df88/resourceGroups/checkpoint-vmss-terraform/providers/Microsoft.Network/loadBalancers/backend-lb",
            "location": null,
            "name": "backend-lb",
            "probe_id": "/subscriptions/82c0718c-e8d4-4270-ac87-4ffbab62df88/resourceGroups/checkpoint-vmss-terraform/providers/Microsoft.Network/loadBalancers/backend-lb/probes/backend-lb",
            "protocol": "All",
            "resource_group_name": "checkpoint-vmss-terraform"
          },
          "private": "bnVsbA==",
          "dependencies": [
            "azurerm_lb.backend-lb",
            "azurerm_lb.frontend-lb",
            "azurerm_lb_backend_address_pool.backend-lb-pool",
            "azurerm_lb_backend_address_pool.frontend-lb-pool",
            "azurerm_lb_probe.azure_lb_healprob",
            "azurerm_public_ip.public-ip-lb",
            "module.common.azurerm_resource_group.resource_group",
            "module.vnet.azurerm_subnet.subnet",
            "module.vnet.azurerm_virtual_network.vnet"
          ]
        }
      ]
    },
    {
      "mode": "managed",
      "type": "azurerm_monitor_autoscale_setting",
      "name": "vmss_settings",
      "provider": "provider.azurerm",
      "instances": [
        {
          "schema_version": 0,
          "attributes": {
            "enabled": true,
            "id": "/subscriptions/82c0718c-e8d4-4270-ac87-4ffbab62df88/resourceGroups/checkpoint-vmss-terraform/providers/microsoft.insights/autoscalesettings/checkpoint-vmss-terraform",
            "location": "eastus",
            "name": "checkpoint-vmss-terraform",
            "notification": [
              {
                "email": [
                  {
                    "custom_emails": [
                      "amitsc@checkpoint.com"
                    ],
                    "send_to_subscription_administrator": false,
                    "send_to_subscription_co_administrator": false
                  }
                ],
                "webhook": []
              }
            ],
            "profile": [
              {
                "capacity": [
                  {
                    "default": 2,
                    "maximum": 10,
                    "minimum": 2
                  }
                ],
                "fixed_date": [],
                "name": "Profile1",
                "recurrence": [],
                "rule": [
                  {
                    "metric_trigger": [
                      {
                        "metric_name": "Percentage CPU",
                        "metric_resource_id": "/subscriptions/82c0718c-e8d4-4270-ac87-4ffbab62df88/resourceGroups/checkpoint-vmss-terraform/providers/Microsoft.Compute/virtualMachineScaleSets/checkpoint-vmss-terraform",
                        "operator": "GreaterThan",
                        "statistic": "Average",
                        "threshold": 80,
                        "time_aggregation": "Average",
                        "time_grain": "PT1M",
                        "time_window": "PT5M"
                      }
                    ],
                    "scale_action": [
                      {
                        "cooldown": "PT5M",
                        "direction": "Increase",
                        "type": "ChangeCount",
                        "value": 1
                      }
                    ]
                  },
                  {
                    "metric_trigger": [
                      {
                        "metric_name": "Percentage CPU",
                        "metric_resource_id": "/subscriptions/82c0718c-e8d4-4270-ac87-4ffbab62df88/resourceGroups/checkpoint-vmss-terraform/providers/Microsoft.Compute/virtualMachineScaleSets/checkpoint-vmss-terraform",
                        "operator": "LessThan",
                        "statistic": "Average",
                        "threshold": 60,
                        "time_aggregation": "Average",
                        "time_grain": "PT1M",
                        "time_window": "PT5M"
                      }
                    ],
                    "scale_action": [
                      {
                        "cooldown": "PT5M",
                        "direction": "Decrease",
                        "type": "ChangeCount",
                        "value": 1
                      }
                    ]
                  }
                ]
              }
            ],
            "resource_group_name": "checkpoint-vmss-terraform",
            "tags": {},
            "target_resource_id": "/subscriptions/82c0718c-e8d4-4270-ac87-4ffbab62df88/resourceGroups/checkpoint-vmss-terraform/providers/Microsoft.Compute/virtualMachineScaleSets/checkpoint-vmss-terraform"
          },
          "private": "bnVsbA==",
          "dependencies": [
            "azurerm_lb.backend-lb",
            "azurerm_lb.frontend-lb",
            "azurerm_lb_backend_address_pool.backend-lb-pool",
            "azurerm_lb_backend_address_pool.frontend-lb-pool",
            "azurerm_public_ip.public-ip-lb",
            "azurerm_storage_account.vm-boot-diagnostics-storage",
            "azurerm_virtual_machine_scale_set.vmss",
            "module.common.azurerm_resource_group.resource_group",
            "module.network-security-group.azurerm_network_security_group.nsg",
            "module.vnet.azurerm_subnet.subnet",
            "module.vnet.azurerm_virtual_network.vnet",
            "random_id.randomId"
          ]
        }
      ]
    },
    {
      "module": "module.network-security-group",
      "mode": "managed",
      "type": "azurerm_network_security_group",
      "name": "nsg",
      "provider": "provider.azurerm",
      "instances": [
        {
          "schema_version": 0,
          "attributes": {
            "id": "/subscriptions/82c0718c-e8d4-4270-ac87-4ffbab62df88/resourceGroups/checkpoint-vmss-terraform/providers/Microsoft.Network/networkSecurityGroups/checkpoint-vmss-terraform_nsg",
            "location": "eastus",
            "name": "checkpoint-vmss-terraform_nsg",
            "resource_group_name": "checkpoint-vmss-terraform",
            "security_rule": [],
            "tags": {}
          },
          "private": "bnVsbA==",
          "dependencies": [
            "module.common.azurerm_resource_group.resource_group"
          ]
        }
      ]
    },
    {
      "module": "module.network-security-group",
      "mode": "managed",
      "type": "azurerm_network_security_rule",
      "name": "security_rule",
      "each": "list",
      "provider": "provider.azurerm",
      "instances": [
        {
          "index_key": 0,
          "schema_version": 0,
          "attributes": {
            "access": "Allow",
            "description": "Allow all inbound connections",
            "destination_address_prefix": "*",
            "destination_address_prefixes": null,
            "destination_application_security_group_ids": null,
            "destination_port_range": "",
            "destination_port_ranges": [
              "0-65535"
            ],
            "direction": "Inbound",
            "id": "/subscriptions/82c0718c-e8d4-4270-ac87-4ffbab62df88/resourceGroups/checkpoint-vmss-terraform/providers/Microsoft.Network/networkSecurityGroups/checkpoint-vmss-terraform_nsg/securityRules/AllowAllInBound",
            "name": "AllowAllInBound",
            "network_security_group_name": "checkpoint-vmss-terraform_nsg",
            "priority": 100,
            "protocol": "*",
            "resource_group_name": "checkpoint-vmss-terraform",
            "source_address_prefix": "*",
            "source_address_prefixes": null,
            "source_application_security_group_ids": null,
            "source_port_range": "",
            "source_port_ranges": [
              "0-65535"
            ]
          },
          "private": "bnVsbA==",
          "dependencies": [
            "module.common.azurerm_resource_group.resource_group",
            "module.network-security-group.azurerm_network_security_group.nsg"
          ]
        }
      ]
    },
    {
      "mode": "managed",
      "type": "azurerm_public_ip",
      "name": "public-ip-lb",
      "provider": "provider.azurerm",
      "instances": [
        {
          "schema_version": 0,
          "attributes": {
            "allocation_method": "Static",
            "domain_name_label": "checkpoint-vmss-terraform-frontend-lb",
            "fqdn": "checkpoint-vmss-terraform-frontend-lb.eastus.cloudapp.azure.com",
            "id": "/subscriptions/82c0718c-e8d4-4270-ac87-4ffbab62df88/resourceGroups/checkpoint-vmss-terraform/providers/Microsoft.Network/publicIPAddresses/checkpoint-vmss-terraform-app-1",
            "idle_timeout_in_minutes": 4,
            "ip_address": "52.146.54.165",
            "ip_version": "IPv4",
            "location": "eastus",
            "name": "checkpoint-vmss-terraform-app-1",
            "public_ip_address_allocation": "Static",
            "public_ip_prefix_id": null,
            "resource_group_name": "checkpoint-vmss-terraform",
            "reverse_fqdn": "",
            "sku": "Standard",
            "tags": {},
            "zones": null
          },
          "private": "bnVsbA==",
          "dependencies": [
            "module.common.azurerm_resource_group.resource_group"
          ]
        }
      ]
    },
    {
      "module": "module.common",
      "mode": "managed",
      "type": "azurerm_resource_group",
      "name": "resource_group",
      "provider": "provider.azurerm",
      "instances": [
        {
          "schema_version": 0,
          "attributes": {
            "id": "/subscriptions/82c0718c-e8d4-4270-ac87-4ffbab62df88/resourceGroups/checkpoint-vmss-terraform",
            "location": "eastus",
            "name": "checkpoint-vmss-terraform",
            "tags": {}
          },
          "private": "bnVsbA=="
        }
      ]
    },
    {
      "module": "module.vnet",
      "mode": "managed",
      "type": "azurerm_route_table",
      "name": "backend",
      "provider": "provider.azurerm",
      "instances": [
        {
          "schema_version": 0,
          "attributes": {
            "disable_bgp_route_propagation": false,
            "id": "/subscriptions/82c0718c-e8d4-4270-ac87-4ffbab62df88/resourceGroups/checkpoint-vmss-terraform/providers/Microsoft.Network/routeTables/Backend",
            "location": "eastus",
            "name": "Backend",
            "resource_group_name": "checkpoint-vmss-terraform",
            "route": [
              {
                "address_prefix": "0.0.0.0/0",
                "name": "To-Internet",
                "next_hop_in_ip_address": "",
                "next_hop_type": "None"
              }
            ],
            "subnets": [],
            "tags": {}
          },
          "private": "bnVsbA==",
          "dependencies": [
            "module.common.azurerm_resource_group.resource_group",
            "module.vnet.azurerm_subnet.subnet",
            "module.vnet.azurerm_virtual_network.vnet"
          ]
        }
      ]
    },
    {
      "module": "module.vnet",
      "mode": "managed",
      "type": "azurerm_route_table",
      "name": "frontend",
      "provider": "provider.azurerm",
      "instances": [
        {
          "schema_version": 0,
          "attributes": {
            "disable_bgp_route_propagation": false,
            "id": "/subscriptions/82c0718c-e8d4-4270-ac87-4ffbab62df88/resourceGroups/checkpoint-vmss-terraform/providers/Microsoft.Network/routeTables/Frontend",
            "location": "eastus",
            "name": "Frontend",
            "resource_group_name": "checkpoint-vmss-terraform",
            "route": [
              {
                "address_prefix": "172.16.1.0/24",
                "name": "Local-Subnet",
                "next_hop_in_ip_address": "",
                "next_hop_type": "VnetLocal"
              },
              {
                "address_prefix": "172.16.0.0/16",
                "name": "To-Internal",
                "next_hop_in_ip_address": "",
                "next_hop_type": "None"
              }
            ],
            "subnets": [],
            "tags": {}
          },
          "private": "bnVsbA==",
          "dependencies": [
            "module.common.azurerm_resource_group.resource_group",
            "module.vnet.azurerm_subnet.subnet",
            "module.vnet.azurerm_virtual_network.vnet"
          ]
        }
      ]
    },
    {
      "mode": "managed",
      "type": "azurerm_storage_account",
      "name": "vm-boot-diagnostics-storage",
      "provider": "provider.azurerm",
      "instances": [
        {
          "schema_version": 2,
          "attributes": {
            "access_tier": "",
            "account_encryption_source": "Microsoft.Storage",
            "account_kind": "Storage",
            "account_replication_type": "LRS",
            "account_tier": "Standard",
            "account_type": "Standard_LRS",
            "blob_properties": [
              {
                "delete_retention_policy": []
              }
            ],
            "custom_domain": [],
            "enable_advanced_threat_protection": false,
            "enable_blob_encryption": true,
            "enable_file_encryption": true,
            "enable_https_traffic_only": false,
            "id": "/subscriptions/82c0718c-e8d4-4270-ac87-4ffbab62df88/resourceGroups/checkpoint-vmss-terraform/providers/Microsoft.Storage/storageAccounts/diagcd712b86d8ca09a4",
            "identity": [],
            "is_hns_enabled": false,
            "location": "eastus",
            "name": "diagcd712b86d8ca09a4",
            "network_rules": [
              {
                "bypass": [
                  "AzureServices"
                ],
                "default_action": "Allow",
                "ip_rules": [],
                "virtual_network_subnet_ids": []
              }
            ],
            "primary_access_key": "FBYFAnGl1H1qk+7LGYvHWdAMmUbybQHyBWe6GkJps4VPQYB1AcngEeUXA0+fMhNhterLxYX3NPv0bctbbb8dNA==",
            "primary_blob_connection_string": "DefaultEndpointsProtocol=https;BlobEndpoint=https://diagcd712b86d8ca09a4.blob.core.windows.net/;AccountName=diagcd712b86d8ca09a4;AccountKey=FBYFAnGl1H1qk+7LGYvHWdAMmUbybQHyBWe6GkJps4VPQYB1AcngEeUXA0+fMhNhterLxYX3NPv0bctbbb8dNA==",
            "primary_blob_endpoint": "https://diagcd712b86d8ca09a4.blob.core.windows.net/",
            "primary_blob_host": "diagcd712b86d8ca09a4.blob.core.windows.net",
            "primary_connection_string": "DefaultEndpointsProtocol=https;AccountName=diagcd712b86d8ca09a4;AccountKey=FBYFAnGl1H1qk+7LGYvHWdAMmUbybQHyBWe6GkJps4VPQYB1AcngEeUXA0+fMhNhterLxYX3NPv0bctbbb8dNA==;EndpointSuffix=core.windows.net",
            "primary_dfs_endpoint": "",
            "primary_dfs_host": "",
            "primary_file_endpoint": "https://diagcd712b86d8ca09a4.file.core.windows.net/",
            "primary_file_host": "diagcd712b86d8ca09a4.file.core.windows.net",
            "primary_location": "eastus",
            "primary_queue_endpoint": "https://diagcd712b86d8ca09a4.queue.core.windows.net/",
            "primary_queue_host": "diagcd712b86d8ca09a4.queue.core.windows.net",
            "primary_table_endpoint": "https://diagcd712b86d8ca09a4.table.core.windows.net/",
            "primary_table_host": "diagcd712b86d8ca09a4.table.core.windows.net",
            "primary_web_endpoint": "",
            "primary_web_host": "",
            "queue_properties": [
              {
                "cors_rule": [],
                "hour_metrics": [
                  {
                    "enabled": true,
                    "include_apis": true,
                    "retention_policy_days": 7,
                    "version": "1.0"
                  }
                ],
                "logging": [
                  {
                    "delete": false,
                    "read": false,
                    "retention_policy_days": 0,
                    "version": "1.0",
                    "write": false
                  }
                ],
                "minute_metrics": [
                  {
                    "enabled": false,
                    "include_apis": false,
                    "retention_policy_days": 0,
                    "version": "1.0"
                  }
                ]
              }
            ],
            "resource_group_name": "checkpoint-vmss-terraform",
            "secondary_access_key": "b+IQPdy1+fe1FvNDHZZS5XjJZzFhkBieNB1qMa3hvZQJV/O/CFbrJ+zRXkHmbmGhv9A0KfGKW38AvNjNsYIhRA==",
            "secondary_blob_connection_string": "",
            "secondary_blob_endpoint": null,
            "secondary_blob_host": null,
            "secondary_connection_string": "DefaultEndpointsProtocol=https;AccountName=diagcd712b86d8ca09a4;AccountKey=b+IQPdy1+fe1FvNDHZZS5XjJZzFhkBieNB1qMa3hvZQJV/O/CFbrJ+zRXkHmbmGhv9A0KfGKW38AvNjNsYIhRA==;EndpointSuffix=core.windows.net",
            "secondary_dfs_endpoint": null,
            "secondary_dfs_host": null,
            "secondary_file_endpoint": null,
            "secondary_file_host": null,
            "secondary_location": "",
            "secondary_queue_endpoint": null,
            "secondary_queue_host": null,
            "secondary_table_endpoint": null,
            "secondary_table_host": null,
            "secondary_web_endpoint": null,
            "secondary_web_host": null,
            "tags": {}
          },
          "private": "eyJzY2hlbWFfdmVyc2lvbiI6IjIifQ==",
          "dependencies": [
            "module.common.azurerm_resource_group.resource_group",
            "random_id.randomId"
          ]
        }
      ]
    },
    {
      "module": "module.vnet",
      "mode": "managed",
      "type": "azurerm_subnet",
      "name": "subnet",
      "each": "list",
      "provider": "provider.azurerm",
      "instances": [
        {
          "index_key": 0,
          "schema_version": 0,
          "attributes": {
            "address_prefix": "172.16.1.0/24",
            "delegation": [],
            "enforce_private_link_endpoint_network_policies": false,
            "enforce_private_link_service_network_policies": false,
            "id": "/subscriptions/82c0718c-e8d4-4270-ac87-4ffbab62df88/resourceGroups/checkpoint-vmss-terraform/providers/Microsoft.Network/virtualNetworks/checkpoint-vmss-vnet/subnets/Frontend",
            "ip_configurations": [],
            "name": "Frontend",
            "network_security_group_id": "",
            "resource_group_name": "checkpoint-vmss-terraform",
            "route_table_id": "",
            "service_endpoints": null,
            "virtual_network_name": "checkpoint-vmss-vnet"
          },
          "private": "bnVsbA==",
          "dependencies": [
            "module.common.azurerm_resource_group.resource_group",
            "module.vnet.azurerm_virtual_network.vnet"
          ]
        },
        {
          "index_key": 1,
          "schema_version": 0,
          "attributes": {
            "address_prefix": "172.16.2.0/24",
            "delegation": [],
            "enforce_private_link_endpoint_network_policies": false,
            "enforce_private_link_service_network_policies": false,
            "id": "/subscriptions/82c0718c-e8d4-4270-ac87-4ffbab62df88/resourceGroups/checkpoint-vmss-terraform/providers/Microsoft.Network/virtualNetworks/checkpoint-vmss-vnet/subnets/Backend",
            "ip_configurations": [],
            "name": "Backend",
            "network_security_group_id": "",
            "resource_group_name": "checkpoint-vmss-terraform",
            "route_table_id": "",
            "service_endpoints": null,
            "virtual_network_name": "checkpoint-vmss-vnet"
          },
          "private": "bnVsbA==",
          "dependencies": [
            "module.common.azurerm_resource_group.resource_group",
            "module.vnet.azurerm_virtual_network.vnet"
          ]
        }
      ]
    },
    {
      "module": "module.vnet",
      "mode": "managed",
      "type": "azurerm_subnet_route_table_association",
      "name": "backend_association",
      "provider": "provider.azurerm",
      "instances": [
        {
          "schema_version": 0,
          "attributes": {
            "id": "/subscriptions/82c0718c-e8d4-4270-ac87-4ffbab62df88/resourceGroups/checkpoint-vmss-terraform/providers/Microsoft.Network/virtualNetworks/checkpoint-vmss-vnet/subnets/Backend",
            "route_table_id": "/subscriptions/82c0718c-e8d4-4270-ac87-4ffbab62df88/resourceGroups/checkpoint-vmss-terraform/providers/Microsoft.Network/routeTables/Backend",
            "subnet_id": "/subscriptions/82c0718c-e8d4-4270-ac87-4ffbab62df88/resourceGroups/checkpoint-vmss-terraform/providers/Microsoft.Network/virtualNetworks/checkpoint-vmss-vnet/subnets/Backend"
          },
          "private": "bnVsbA==",
          "dependencies": [
            "module.common.azurerm_resource_group.resource_group",
            "module.vnet.azurerm_route_table.backend",
            "module.vnet.azurerm_subnet.subnet",
            "module.vnet.azurerm_virtual_network.vnet"
          ]
        }
      ]
    },
    {
      "module": "module.vnet",
      "mode": "managed",
      "type": "azurerm_subnet_route_table_association",
      "name": "frontend_association",
      "provider": "provider.azurerm",
      "instances": [
        {
          "schema_version": 0,
          "attributes": {
            "id": "/subscriptions/82c0718c-e8d4-4270-ac87-4ffbab62df88/resourceGroups/checkpoint-vmss-terraform/providers/Microsoft.Network/virtualNetworks/checkpoint-vmss-vnet/subnets/Frontend",
            "route_table_id": "/subscriptions/82c0718c-e8d4-4270-ac87-4ffbab62df88/resourceGroups/checkpoint-vmss-terraform/providers/Microsoft.Network/routeTables/Frontend",
            "subnet_id": "/subscriptions/82c0718c-e8d4-4270-ac87-4ffbab62df88/resourceGroups/checkpoint-vmss-terraform/providers/Microsoft.Network/virtualNetworks/checkpoint-vmss-vnet/subnets/Frontend"
          },
          "private": "bnVsbA==",
          "dependencies": [
            "module.common.azurerm_resource_group.resource_group",
            "module.vnet.azurerm_route_table.frontend",
            "module.vnet.azurerm_subnet.subnet",
            "module.vnet.azurerm_virtual_network.vnet"
          ]
        }
      ]
    },
    {
      "mode": "managed",
      "type": "azurerm_virtual_machine_scale_set",
      "name": "vmss",
      "provider": "provider.azurerm",
      "instances": [
        {
          "schema_version": 1,
          "attributes": {
            "automatic_os_upgrade": false,
            "boot_diagnostics": [
              {
                "enabled": true,
                "storage_uri": "https://diagcd712b86d8ca09a4.blob.core.windows.net/"
              }
            ],
            "eviction_policy": "",
            "extension": [],
            "health_probe_id": null,
            "id": "/subscriptions/82c0718c-e8d4-4270-ac87-4ffbab62df88/resourceGroups/checkpoint-vmss-terraform/providers/Microsoft.Compute/virtualMachineScaleSets/checkpoint-vmss-terraform",
            "identity": [],
            "license_type": "",
            "location": "eastus",
            "name": "checkpoint-vmss-terraform",
            "network_profile": [
              {
                "accelerated_networking": true,
                "dns_settings": [
                  {
                    "dns_servers": []
                  }
                ],
                "ip_configuration": [
                  {
                    "application_gateway_backend_address_pool_ids": [],
                    "application_security_group_ids": [],
                    "load_balancer_backend_address_pool_ids": [
                      "/subscriptions/82c0718c-e8d4-4270-ac87-4ffbab62df88/resourceGroups/checkpoint-vmss-terraform/providers/Microsoft.Network/loadBalancers/backend-lb/backendAddressPools/backend-lb-pool"
                    ],
                    "load_balancer_inbound_nat_rules_ids": [],
                    "name": "ipconfig2",
                    "primary": true,
                    "public_ip_address_configuration": [],
                    "subnet_id": "/subscriptions/82c0718c-e8d4-4270-ac87-4ffbab62df88/resourceGroups/checkpoint-vmss-terraform/providers/Microsoft.Network/virtualNetworks/checkpoint-vmss-vnet/subnets/Backend"
                  }
                ],
                "ip_forwarding": true,
                "name": "eth1",
                "network_security_group_id": "",
                "primary": false
              },
              {
                "accelerated_networking": true,
                "dns_settings": [
                  {
                    "dns_servers": []
                  }
                ],
                "ip_configuration": [
                  {
                    "application_gateway_backend_address_pool_ids": [],
                    "application_security_group_ids": [],
                    "load_balancer_backend_address_pool_ids": [
                      "/subscriptions/82c0718c-e8d4-4270-ac87-4ffbab62df88/resourceGroups/checkpoint-vmss-terraform/providers/Microsoft.Network/loadBalancers/frontend-lb/backendAddressPools/checkpoint-vmss-terraform-app-1"
                    ],
                    "load_balancer_inbound_nat_rules_ids": [],
                    "name": "ipconfig1",
                    "primary": true,
                    "public_ip_address_configuration": [],
                    "subnet_id": "/subscriptions/82c0718c-e8d4-4270-ac87-4ffbab62df88/resourceGroups/checkpoint-vmss-terraform/providers/Microsoft.Network/virtualNetworks/checkpoint-vmss-vnet/subnets/Frontend"
                  }
                ],
                "ip_forwarding": false,
                "name": "eth0",
                "network_security_group_id": "/subscriptions/82c0718c-e8d4-4270-ac87-4ffbab62df88/resourceGroups/checkpoint-vmss-terraform/providers/Microsoft.Network/networkSecurityGroups/checkpoint-vmss-terraform_nsg",
                "primary": true
              }
            ],
            "os_profile": [
              {
                "admin_password": "Cpwins1!",
                "admin_username": "notused",
                "computer_name_prefix": "checkpoint-vmss-terraform",
                "custom_data": "IyEvdXNyL2Jpbi9weXRob24zIC9ldGMvY2xvdWRfY29uZmlnLnB5CgppbnN0YWxsYXRpb25UeXBlPSJ2bXNzIgphbGxvd1VwbG9hZERvd25sb2FkPSJ0cnVlIgpvc1ZlcnNpb249ICJSODAuNDAiCnRlbXBsYXRlTmFtZT0idm1zcy10ZXJyYWZvcm0iCnRlbXBsYXRlVmVyc2lvbj0iMjAyMDAzMDUiCmlzQmxpbms9InRydWUiCmJvb3RzdHJhcFNjcmlwdDY0PSJkRzkxWTJnZ0wyaHZiV1V2WVdSdGFXNHZZbTl2ZEhOMGNtRndMblI0ZERzZ1pXTm9ieUFuYUdWc2JHOWZkMjl5YkdRbklENGdMMmh2YldVdllXUnRhVzR2WW05dmRITjBjbUZ3TG5SNGRBPT0iCmxvY2F0aW9uPSJlYXN0dXMiCnNpY0tleT0iQ3B3aW5zMTIzNDU2Igp2bmV0PSIxNzIuMTYuMS4wLzI0Ig=="
              }
            ],
            "os_profile_linux_config": [
              {
                "disable_password_authentication": false,
                "ssh_keys": []
              }
            ],
            "os_profile_secrets": [],
            "os_profile_windows_config": [],
            "overprovision": false,
            "plan": [
              {
                "name": "sg-byol",
                "product": "check-point-cg-r8040",
                "publisher": "checkpoint"
              }
            ],
            "priority": "",
            "proximity_placement_group_id": null,
            "resource_group_name": "checkpoint-vmss-terraform",
            "rolling_upgrade_policy": [],
            "single_placement_group": true,
            "sku": [
              {
                "capacity": 2,
                "name": "Standard_D3_v2",
                "tier": "Standard"
              }
            ],
            "storage_profile_data_disk": [],
            "storage_profile_image_reference": [
              {
                "id": "",
                "offer": "check-point-cg-r8040",
                "publisher": "checkpoint",
                "sku": "sg-byol",
                "version": "latest"
              }
            ],
            "storage_profile_os_disk": [
              {
                "caching": "ReadWrite",
                "create_option": "FromImage",
                "image": "",
                "managed_disk_type": "Standard_LRS",
                "name": "",
                "os_type": "",
                "vhd_containers": []
              }
            ],
            "tags": {
              "x-chkp-anti-spoofing": "eth0:false,eth1:false",
              "x-chkp-ip-address": "private",
              "x-chkp-management": "mgmt",
              "x-chkp-management-address": "192.168.100.4",
              "x-chkp-management-interface": "eth0",
              "x-chkp-srcImageUri": "noCustomUri",
              "x-chkp-template": "vmss_template",
              "x-chkp-topology": "eth0:external,eth1:internal"
            },
            "upgrade_policy_mode": "Manual",
            "zones": [
              "1"
            ]
          },
          "private": "eyJzY2hlbWFfdmVyc2lvbiI6IjEifQ==",
          "dependencies": [
            "azurerm_lb.backend-lb",
            "azurerm_lb.frontend-lb",
            "azurerm_lb_backend_address_pool.backend-lb-pool",
            "azurerm_lb_backend_address_pool.frontend-lb-pool",
            "azurerm_public_ip.public-ip-lb",
            "azurerm_storage_account.vm-boot-diagnostics-storage",
            "module.common.azurerm_resource_group.resource_group",
            "module.network-security-group.azurerm_network_security_group.nsg",
            "module.vnet.azurerm_subnet.subnet",
            "module.vnet.azurerm_virtual_network.vnet",
            "random_id.randomId"
          ]
        }
      ]
    },
    {
      "module": "module.vnet",
      "mode": "managed",
      "type": "azurerm_virtual_network",
      "name": "vnet",
      "provider": "provider.azurerm",
      "instances": [
        {
          "schema_version": 0,
          "attributes": {
            "address_space": [
              "172.16.0.0/16"
            ],
            "ddos_protection_plan": [],
            "dns_servers": [],
            "id": "/subscriptions/82c0718c-e8d4-4270-ac87-4ffbab62df88/resourceGroups/checkpoint-vmss-terraform/providers/Microsoft.Network/virtualNetworks/checkpoint-vmss-vnet",
            "location": "eastus",
            "name": "checkpoint-vmss-vnet",
            "resource_group_name": "checkpoint-vmss-terraform",
            "subnet": [],
            "tags": {}
          },
          "private": "bnVsbA==",
          "dependencies": [
            "module.common.azurerm_resource_group.resource_group"
          ]
        }
      ]
    },
    {
      "mode": "managed",
      "type": "azurerm_virtual_network_peering",
      "name": "peering",
      "provider": "provider.azurerm",
      "instances": [
        {
          "schema_version": 0,
          "attributes": {
            "allow_forwarded_traffic": true,
            "allow_gateway_transit": false,
            "allow_virtual_network_access": true,
            "id": "/subscriptions/82c0718c-e8d4-4270-ac87-4ffbab62df88/resourceGroups/checkpoint-vmss-terraform/providers/Microsoft.Network/virtualNetworks/checkpoint-vmss-vnet/virtualNetworkPeerings/vmss2mgmt",
            "name": "vmss2mgmt",
            "remote_virtual_network_id": "/subscriptions/82c0718c-e8d4-4270-ac87-4ffbab62df88/resourceGroups/management/providers/Microsoft.Network/virtualNetworks/mgmt-vnet",
            "resource_group_name": "checkpoint-vmss-terraform",
            "use_remote_gateways": false,
            "virtual_network_name": "checkpoint-vmss-vnet"
          },
          "private": "bnVsbA==",
          "dependencies": [
            "module.common.azurerm_resource_group.resource_group",
            "module.vnet.azurerm_virtual_network.vnet"
          ]
        }
      ]
    },
    {
      "mode": "managed",
      "type": "azurerm_virtual_network_peering",
      "name": "peering2",
      "provider": "provider.azurerm",
      "instances": [
        {
          "schema_version": 0,
          "attributes": {
            "allow_forwarded_traffic": true,
            "allow_gateway_transit": false,
            "allow_virtual_network_access": true,
            "id": "/subscriptions/82c0718c-e8d4-4270-ac87-4ffbab62df88/resourceGroups/management/providers/Microsoft.Network/virtualNetworks/mgmt-vnet/virtualNetworkPeerings/mgmt2vmss",
            "name": "mgmt2vmss",
            "remote_virtual_network_id": "/subscriptions/82c0718c-e8d4-4270-ac87-4ffbab62df88/resourceGroups/checkpoint-vmss-terraform/providers/Microsoft.Network/virtualNetworks/checkpoint-vmss-vnet",
            "resource_group_name": "management",
            "use_remote_gateways": false,
            "virtual_network_name": "mgmt-vnet"
          },
          "private": "bnVsbA==",
          "dependencies": [
            "module.common.azurerm_resource_group.resource_group",
            "module.vnet.azurerm_route_table.backend",
            "module.vnet.azurerm_route_table.frontend",
            "module.vnet.azurerm_subnet.subnet",
            "module.vnet.azurerm_subnet_route_table_association.backend_association",
            "module.vnet.azurerm_subnet_route_table_association.frontend_association",
            "module.vnet.azurerm_virtual_network.vnet"
          ]
        }
      ]
    },
    {
      "module": "module.common",
      "mode": "managed",
      "type": "null_resource",
      "name": "sic_key_invalid",
      "each": "list",
      "provider": "provider.null",
      "instances": []
    },
    {
      "mode": "managed",
      "type": "random_id",
      "name": "randomId",
      "provider": "provider.random",
      "instances": [
        {
          "schema_version": 0,
          "attributes": {
            "b64": "zXErhtjKCaQ",
            "b64_std": "zXErhtjKCaQ=",
            "b64_url": "zXErhtjKCaQ",
            "byte_length": 8,
            "dec": "14803661308306262436",
            "hex": "cd712b86d8ca09a4",
            "id": "zXErhtjKCaQ",
            "keepers": {
              "resource_group": "checkpoint-vmss-terraform"
            },
            "prefix": null
          },
          "private": "bnVsbA==",
          "dependencies": [
            "module.common.azurerm_resource_group.resource_group"
          ]
        }
      ]
    }
  ]
}
